
Microsoft Visual Studio Solution File, Format Version 12.00
# Visual Studio Version 16
VisualStudioVersion = 16.0.30204.135
MinimumVisualStudioVersion = 10.0.40219.1
Project("{FAE04EC0-301F-11D3-BF4B-00C04F79EFBC}") = "WebAdvert.Web", "WebAdvert.Web.csproj", "{281E5655-0CCE-4FE1-8042-63A1154C2E24}"
EndProject
Global
	GlobalSection(SolutionConfigurationPlatforms) = preSolution
		Debug|Any CPU = Debug|Any CPU
		Release|Any CPU = Release|Any CPU
	EndGlobalSection
	GlobalSection(ProjectConfigurationPlatforms) = postSolution
		{281E5655-0CCE-4FE1-8042-63A1154C2E24}.Debug|Any CPU.ActiveCfg = Debug|Any CPU
		{281E5655-0CCE-4FE1-8042-63A1154C2E24}.Debug|Any CPU.Build.0 = Debug|Any CPU
		{281E5655-0CCE-4FE1-8042-63A1154C2E24}.Release|Any CPU.ActiveCfg = Release|Any CPU
		{281E5655-0CCE-4FE1-8042-63A1154C2E24}.Release|Any CPU.Build.0 = Release|Any CPU
	EndGlobalSection
	GlobalSection(SolutionProperties) = preSolution
		HideSolutionNode = FALSE
	EndGlobalSection
	GlobalSection(ExtensibilityGlobals) = postSolution
		SolutionGuid = {5A0B046E-18AE-4F77-86B6-F2A0F63E166E}
	EndGlobalSection
EndGlobal
